
Microsoft Visual Studio Solution File, Format Version 12.00
# Visual Studio Version 16
VisualStudioVersion = 16.0.29911.84
MinimumVisualStudioVersion = 10.0.40219.1
Project("{FAE04EC0-301F-11D3-BF4B-00C04F79EFBC}") = "Ejercicio POO", "Ejercicio POO\Ejercicio POO.csproj", "{9CF82697-1C36-4C94-8E7D-74A9438FF048}"
EndProject
Global
	GlobalSection(SolutionConfigurationPlatforms) = preSolution
		Debug|Any CPU = Debug|Any CPU
		Release|Any CPU = Release|Any CPU
	EndGlobalSection
	GlobalSection(ProjectConfigurationPlatforms) = postSolution
		{9CF82697-1C36-4C94-8E7D-74A9438FF048}.Debug|Any CPU.ActiveCfg = Debug|Any CPU
		{9CF82697-1C36-4C94-8E7D-74A9438FF048}.Debug|Any CPU.Build.0 = Debug|Any CPU
		{9CF82697-1C36-4C94-8E7D-74A9438FF048}.Release|Any CPU.ActiveCfg = Release|Any CPU
		{9CF82697-1C36-4C94-8E7D-74A9438FF048}.Release|Any CPU.Build.0 = Release|Any CPU
	EndGlobalSection
	GlobalSection(SolutionProperties) = preSolution
		HideSolutionNode = FALSE
	EndGlobalSection
	GlobalSection(ExtensibilityGlobals) = postSolution
		SolutionGuid = {B4FDBF40-C857-4045-B592-CDB9736A4F8F}
	EndGlobalSection
EndGlobal
